
Microsoft Visual Studio Solution File, Format Version 12.00
# Visual Studio Version 16
VisualStudioVersion = 16.0.30907.101
MinimumVisualStudioVersion = 10.0.40219.1
Project("{9A19103F-16F7-4668-BE54-9A1E7A4F7556}") = "LabbOmFotboll", "LabbOmFotboll.csproj", "{6A126548-B55D-48C5-AAFA-F7CD8EBE3809}"
EndProject
Project("{9A19103F-16F7-4668-BE54-9A1E7A4F7556}") = "LabbOmFotbollAPI", "..\..\Labb_ASp_CORE_API\LabbOmFotbollAPI\LabbOmFotbollAPI.csproj", "{B6A3F470-06E8-4FFC-BDEA-F2CBF55B89E8}"
EndProject
Global
	GlobalSection(SolutionConfigurationPlatforms) = preSolution
		Debug|Any CPU = Debug|Any CPU
		Release|Any CPU = Release|Any CPU
	EndGlobalSection
	GlobalSection(ProjectConfigurationPlatforms) = postSolution
		{6A126548-B55D-48C5-AAFA-F7CD8EBE3809}.Debug|Any CPU.ActiveCfg = Debug|Any CPU
		{6A126548-B55D-48C5-AAFA-F7CD8EBE3809}.Debug|Any CPU.Build.0 = Debug|Any CPU
		{6A126548-B55D-48C5-AAFA-F7CD8EBE3809}.Release|Any CPU.ActiveCfg = Release|Any CPU
		{6A126548-B55D-48C5-AAFA-F7CD8EBE3809}.Release|Any CPU.Build.0 = Release|Any CPU
		{B6A3F470-06E8-4FFC-BDEA-F2CBF55B89E8}.Debug|Any CPU.ActiveCfg = Debug|Any CPU
		{B6A3F470-06E8-4FFC-BDEA-F2CBF55B89E8}.Debug|Any CPU.Build.0 = Debug|Any CPU
		{B6A3F470-06E8-4FFC-BDEA-F2CBF55B89E8}.Release|Any CPU.ActiveCfg = Release|Any CPU
		{B6A3F470-06E8-4FFC-BDEA-F2CBF55B89E8}.Release|Any CPU.Build.0 = Release|Any CPU
	EndGlobalSection
	GlobalSection(SolutionProperties) = preSolution
		HideSolutionNode = FALSE
	EndGlobalSection
	GlobalSection(ExtensibilityGlobals) = postSolution
		SolutionGuid = {B3ED6980-19F3-47CA-9FDF-EE4DCD2F9401}
	EndGlobalSection
EndGlobal
